// !$*UTF8*$!
{
	archiveVersion = 1;
	classes = {
	};
	objectVersion = 56;
	objects = {

/* Begin PBXBuildFile section */
		68661D142998E54E004F2AF1 /* AppDelegate.swift in Sources */ = {isa = PBXBuildFile; fileRef = 68661D132998E54E004F2AF1 /* AppDelegate.swift */; };
		68661D162998E54E004F2AF1 /* SceneDelegate.swift in Sources */ = {isa = PBXBuildFile; fileRef = 68661D152998E54E004F2AF1 /* SceneDelegate.swift */; };
		68661D182998E54E004F2AF1 /* MainTabBarViewController.swift in Sources */ = {isa = PBXBuildFile; fileRef = 68661D172998E54E004F2AF1 /* MainTabBarViewController.swift */; };
		68661D202998E550004F2AF1 /* LaunchScreen.storyboard in Resources */ = {isa = PBXBuildFile; fileRef = 68661D1E2998E550004F2AF1 /* LaunchScreen.storyboard */; };
		68661D292998E714004F2AF1 /* HomeViewController.swift in Sources */ = {isa = PBXBuildFile; fileRef = 68661D282998E714004F2AF1 /* HomeViewController.swift */; };
		68661D2B2998E735004F2AF1 /* UpcomingViewController.swift in Sources */ = {isa = PBXBuildFile; fileRef = 68661D2A2998E735004F2AF1 /* UpcomingViewController.swift */; };
		68661D2D2998E742004F2AF1 /* SearchViewController.swift in Sources */ = {isa = PBXBuildFile; fileRef = 68661D2C2998E742004F2AF1 /* SearchViewController.swift */; };
		68661D2F2998E794004F2AF1 /* DownloadViewController.swift in Sources */ = {isa = PBXBuildFile; fileRef = 68661D2E2998E794004F2AF1 /* DownloadViewController.swift */; };
		68661D562998EFD1004F2AF1 /* CollectionViewTableViewCell.swift in Sources */ = {isa = PBXBuildFile; fileRef = 68661D552998EFD1004F2AF1 /* CollectionViewTableViewCell.swift */; };
		688A2FD929A0DEE9007EAA45 /* APICaller.swift in Sources */ = {isa = PBXBuildFile; fileRef = 688A2FD829A0DEE9007EAA45 /* APICaller.swift */; };
		688A2FDB29A0E889007EAA45 /* Movie.swift in Sources */ = {isa = PBXBuildFile; fileRef = 688A2FDA29A0E889007EAA45 /* Movie.swift */; };
		68A9528729A250DA0016DEFF /* MovieCollectionViewCell.swift in Sources */ = {isa = PBXBuildFile; fileRef = 68A9528629A250DA0016DEFF /* MovieCollectionViewCell.swift */; };
		68A9528A29A251A90016DEFF /* SDWebImage in Frameworks */ = {isa = PBXBuildFile; productRef = 68A9528929A251A90016DEFF /* SDWebImage */; };
		68A9528C29A251A90016DEFF /* SDWebImageMapKit in Frameworks */ = {isa = PBXBuildFile; productRef = 68A9528B29A251A90016DEFF /* SDWebImageMapKit */; };
		68E8ED1B299BC85200B03DBE /* HeroHeaderUIView.swift in Sources */ = {isa = PBXBuildFile; fileRef = 68E8ED1A299BC85200B03DBE /* HeroHeaderUIView.swift */; };
		68E8ED1D299BD4A000B03DBE /* Assets.xcassets in Resources */ = {isa = PBXBuildFile; fileRef = 68E8ED1C299BD4A000B03DBE /* Assets.xcassets */; };
/* End PBXBuildFile section */

/* Begin PBXFileReference section */
		68661D102998E54E004F2AF1 /* Netflix Clone.app */ = {isa = PBXFileReference; explicitFileType = wrapper.application; includeInIndex = 0; path = "Netflix Clone.app"; sourceTree = BUILT_PRODUCTS_DIR; };
		68661D132998E54E004F2AF1 /* AppDelegate.swift */ = {isa = PBXFileReference; lastKnownFileType = sourcecode.swift; path = AppDelegate.swift; sourceTree = "<group>"; };
		68661D152998E54E004F2AF1 /* SceneDelegate.swift */ = {isa = PBXFileReference; lastKnownFileType = sourcecode.swift; path = SceneDelegate.swift; sourceTree = "<group>"; };
		68661D172998E54E004F2AF1 /* MainTabBarViewController.swift */ = {isa = PBXFileReference; lastKnownFileType = sourcecode.swift; path = MainTabBarViewController.swift; sourceTree = "<group>"; };
		68661D1F2998E550004F2AF1 /* Base */ = {isa = PBXFileReference; lastKnownFileType = file.storyboard; name = Base; path = Base.lproj/LaunchScreen.storyboard; sourceTree = "<group>"; };
		68661D212998E550004F2AF1 /* Info.plist */ = {isa = PBXFileReference; lastKnownFileType = text.plist.xml; path = Info.plist; sourceTree = "<group>"; };
		68661D282998E714004F2AF1 /* HomeViewController.swift */ = {isa = PBXFileReference; lastKnownFileType = sourcecode.swift; path = HomeViewController.swift; sourceTree = "<group>"; };
		68661D2A2998E735004F2AF1 /* UpcomingViewController.swift */ = {isa = PBXFileReference; lastKnownFileType = sourcecode.swift; path = UpcomingViewController.swift; sourceTree = "<group>"; };
		68661D2C2998E742004F2AF1 /* SearchViewController.swift */ = {isa = PBXFileReference; lastKnownFileType = sourcecode.swift; path = SearchViewController.swift; sourceTree = "<group>"; };
		68661D2E2998E794004F2AF1 /* DownloadViewController.swift */ = {isa = PBXFileReference; lastKnownFileType = sourcecode.swift; path = DownloadViewController.swift; sourceTree = "<group>"; };
		68661D552998EFD1004F2AF1 /* CollectionViewTableViewCell.swift */ = {isa = PBXFileReference; lastKnownFileType = sourcecode.swift; path = CollectionViewTableViewCell.swift; sourceTree = "<group>"; };
		688A2FD829A0DEE9007EAA45 /* APICaller.swift */ = {isa = PBXFileReference; lastKnownFileType = sourcecode.swift; path = APICaller.swift; sourceTree = "<group>"; };
		688A2FDA29A0E889007EAA45 /* Movie.swift */ = {isa = PBXFileReference; lastKnownFileType = sourcecode.swift; path = Movie.swift; sourceTree = "<group>"; };
		68A9528629A250DA0016DEFF /* MovieCollectionViewCell.swift */ = {isa = PBXFileReference; lastKnownFileType = sourcecode.swift; path = MovieCollectionViewCell.swift; sourceTree = "<group>"; };
		68E8ED1A299BC85200B03DBE /* HeroHeaderUIView.swift */ = {isa = PBXFileReference; lastKnownFileType = sourcecode.swift; path = HeroHeaderUIView.swift; sourceTree = "<group>"; };
		68E8ED1C299BD4A000B03DBE /* Assets.xcassets */ = {isa = PBXFileReference; lastKnownFileType = folder.assetcatalog; name = Assets.xcassets; path = ../Assets.xcassets; sourceTree = "<group>"; };
/* End PBXFileReference section */

/* Begin PBXFrameworksBuildPhase section */
		68661D0D2998E54E004F2AF1 /* Frameworks */ = {
			isa = PBXFrameworksBuildPhase;
			buildActionMask = 2147483647;
			files = (
				68A9528C29A251A90016DEFF /* SDWebImageMapKit in Frameworks */,
				68A9528A29A251A90016DEFF /* SDWebImage in Frameworks */,
			);
			runOnlyForDeploymentPostprocessing = 0;
		};
/* End PBXFrameworksBuildPhase section */

/* Begin PBXGroup section */
		68661D072998E54E004F2AF1 = {
			isa = PBXGroup;
			children = (
				68661D122998E54E004F2AF1 /* Netflix Clone */,
				68661D112998E54E004F2AF1 /* Products */,
			);
			sourceTree = "<group>";
		};
		68661D112998E54E004F2AF1 /* Products */ = {
			isa = PBXGroup;
			children = (
				68661D102998E54E004F2AF1 /* Netflix Clone.app */,
			);
			name = Products;
			sourceTree = "<group>";
		};
		68661D122998E54E004F2AF1 /* Netflix Clone */ = {
			isa = PBXGroup;
			children = (
				68661D542998EFA9004F2AF1 /* Managers */,
				68661D532998EF98004F2AF1 /* Resources */,
				68661D522998EF8F004F2AF1 /* Models */,
				68661D512998EF83004F2AF1 /* ViewModels */,
				68661D502998EF7A004F2AF1 /* Views */,
				68661D272998E6D4004F2AF1 /* Controllers */,
				68661D132998E54E004F2AF1 /* AppDelegate.swift */,
				68661D152998E54E004F2AF1 /* SceneDelegate.swift */,
				68661D172998E54E004F2AF1 /* MainTabBarViewController.swift */,
				68661D1E2998E550004F2AF1 /* LaunchScreen.storyboard */,
				68E8ED1C299BD4A000B03DBE /* Assets.xcassets */,
				68661D212998E550004F2AF1 /* Info.plist */,
			);
			path = "Netflix Clone";
			sourceTree = "<group>";
		};
		68661D272998E6D4004F2AF1 /* Controllers */ = {
			isa = PBXGroup;
			children = (
				68661D282998E714004F2AF1 /* HomeViewController.swift */,
				68661D2A2998E735004F2AF1 /* UpcomingViewController.swift */,
				68661D2C2998E742004F2AF1 /* SearchViewController.swift */,
				68661D2E2998E794004F2AF1 /* DownloadViewController.swift */,
			);
			path = Controllers;
			sourceTree = "<group>";
		};
		68661D502998EF7A004F2AF1 /* Views */ = {
			isa = PBXGroup;
			children = (
				68661D552998EFD1004F2AF1 /* CollectionViewTableViewCell.swift */,
				68E8ED1A299BC85200B03DBE /* HeroHeaderUIView.swift */,
				68A9528629A250DA0016DEFF /* MovieCollectionViewCell.swift */,
			);
			path = Views;
			sourceTree = "<group>";
		};
		68661D512998EF83004F2AF1 /* ViewModels */ = {
			isa = PBXGroup;
			children = (
			);
			path = ViewModels;
			sourceTree = "<group>";
		};
		68661D522998EF8F004F2AF1 /* Models */ = {
			isa = PBXGroup;
			children = (
				688A2FDA29A0E889007EAA45 /* Movie.swift */,
			);
			path = Models;
			sourceTree = "<group>";
		};
		68661D532998EF98004F2AF1 /* Resources */ = {
			isa = PBXGroup;
			children = (
			);
			path = Resources;
			sourceTree = "<group>";
		};
		68661D542998EFA9004F2AF1 /* Managers */ = {
			isa = PBXGroup;
			children = (
				688A2FD829A0DEE9007EAA45 /* APICaller.swift */,
			);
			path = Managers;
			sourceTree = "<group>";
		};
/* End PBXGroup section */

/* Begin PBXNativeTarget section */
		68661D0F2998E54E004F2AF1 /* Netflix Clone */ = {
			isa = PBXNativeTarget;
			buildConfigurationList = 68661D242998E550004F2AF1 /* Build configuration list for PBXNativeTarget "Netflix Clone" */;
			buildPhases = (
				68661D0C2998E54E004F2AF1 /* Sources */,
				68661D0D2998E54E004F2AF1 /* Frameworks */,
				68661D0E2998E54E004F2AF1 /* Resources */,
			);
			buildRules = (
			);
			dependencies = (
			);
			name = "Netflix Clone";
			packageProductDependencies = (
				68A9528929A251A90016DEFF /* SDWebImage */,
				68A9528B29A251A90016DEFF /* SDWebImageMapKit */,
			);
			productName = "Netflix Clone";
			productReference = 68661D102998E54E004F2AF1 /* Netflix Clone.app */;
			productType = "com.apple.product-type.application";
		};
/* End PBXNativeTarget section */

/* Begin PBXProject section */
		68661D082998E54E004F2AF1 /* Project object */ = {
			isa = PBXProject;
			attributes = {
				BuildIndependentTargetsInParallel = 1;
				LastSwiftUpdateCheck = 1420;
				LastUpgradeCheck = 1420;
				TargetAttributes = {
					68661D0F2998E54E004F2AF1 = {
						CreatedOnToolsVersion = 14.2;
					};
				};
			};
			buildConfigurationList = 68661D0B2998E54E004F2AF1 /* Build configuration list for PBXProject "Netflix Clone" */;
			compatibilityVersion = "Xcode 14.0";
			developmentRegion = en;
			hasScannedForEncodings = 0;
			knownRegions = (
				en,
				Base,
			);
			mainGroup = 68661D072998E54E004F2AF1;
			packageReferences = (
				68A9528829A251A90016DEFF /* XCRemoteSwiftPackageReference "SDWebImage" */,
			);
			productRefGroup = 68661D112998E54E004F2AF1 /* Products */;
			projectDirPath = "";
			projectRoot = "";
			targets = (
				68661D0F2998E54E004F2AF1 /* Netflix Clone */,
			);
		};
/* End PBXProject section */

/* Begin PBXResourcesBuildPhase section */
		68661D0E2998E54E004F2AF1 /* Resources */ = {
			isa = PBXResourcesBuildPhase;
			buildActionMask = 2147483647;
			files = (
				68E8ED1D299BD4A000B03DBE /* Assets.xcassets in Resources */,
				68661D202998E550004F2AF1 /* LaunchScreen.storyboard in Resources */,
			);
			runOnlyForDeploymentPostprocessing = 0;
		};
/* End PBXResourcesBuildPhase section */

/* Begin PBXSourcesBuildPhase section */
		68661D0C2998E54E004F2AF1 /* Sources */ = {
			isa = PBXSourcesBuildPhase;
			buildActionMask = 2147483647;
			files = (
				68661D2D2998E742004F2AF1 /* SearchViewController.swift in Sources */,
				68661D182998E54E004F2AF1 /* MainTabBarViewController.swift in Sources */,
				68661D562998EFD1004F2AF1 /* CollectionViewTableViewCell.swift in Sources */,
				68A9528729A250DA0016DEFF /* MovieCollectionViewCell.swift in Sources */,
				688A2FD929A0DEE9007EAA45 /* APICaller.swift in Sources */,
				68E8ED1B299BC85200B03DBE /* HeroHeaderUIView.swift in Sources */,
				68661D142998E54E004F2AF1 /* AppDelegate.swift in Sources */,
				68661D2F2998E794004F2AF1 /* DownloadViewController.swift in Sources */,
				68661D162998E54E004F2AF1 /* SceneDelegate.swift in Sources */,
				68661D2B2998E735004F2AF1 /* UpcomingViewController.swift in Sources */,
				688A2FDB29A0E889007EAA45 /* Movie.swift in Sources */,
				68661D292998E714004F2AF1 /* HomeViewController.swift in Sources */,
			);
			runOnlyForDeploymentPostprocessing = 0;
		};
/* End PBXSourcesBuildPhase section */

/* Begin PBXVariantGroup section */
		68661D1E2998E550004F2AF1 /* LaunchScreen.storyboard */ = {
			isa = PBXVariantGroup;
			children = (
				68661D1F2998E550004F2AF1 /* Base */,
			);
			name = LaunchScreen.storyboard;
			sourceTree = "<group>";
		};
/* End PBXVariantGroup section */

/* Begin XCBuildConfiguration section */
		68661D222998E550004F2AF1 /* Debug */ = {
			isa = XCBuildConfiguration;
			buildSettings = {
				ALWAYS_SEARCH_USER_PATHS = NO;
				CLANG_ANALYZER_NONNULL = YES;
				CLANG_ANALYZER_NUMBER_OBJECT_CONVERSION = YES_AGGRESSIVE;
				CLANG_CXX_LANGUAGE_STANDARD = "gnu++20";
				CLANG_ENABLE_MODULES = YES;
				CLANG_ENABLE_OBJC_ARC = YES;
				CLANG_ENABLE_OBJC_WEAK = YES;
				CLANG_WARN_BLOCK_CAPTURE_AUTORELEASING = YES;
				CLANG_WARN_BOOL_CONVERSION = YES;
				CLANG_WARN_COMMA = YES;
				CLANG_WARN_CONSTANT_CONVERSION = YES;
				CLANG_WARN_DEPRECATED_OBJC_IMPLEMENTATIONS = YES;
				CLANG_WARN_DIRECT_OBJC_ISA_USAGE = YES_ERROR;
				CLANG_WARN_DOCUMENTATION_COMMENTS = YES;
				CLANG_WARN_EMPTY_BODY = YES;
				CLANG_WARN_ENUM_CONVERSION = YES;
				CLANG_WARN_INFINITE_RECURSION = YES;
				CLANG_WARN_INT_CONVERSION = YES;
				CLANG_WARN_NON_LITERAL_NULL_CONVERSION = YES;
				CLANG_WARN_OBJC_IMPLICIT_RETAIN_SELF = YES;
				CLANG_WARN_OBJC_LITERAL_CONVERSION = YES;
				CLANG_WARN_OBJC_ROOT_CLASS = YES_ERROR;
				CLANG_WARN_QUOTED_INCLUDE_IN_FRAMEWORK_HEADER = YES;
				CLANG_WARN_RANGE_LOOP_ANALYSIS = YES;
				CLANG_WARN_STRICT_PROTOTYPES = YES;
				CLANG_WARN_SUSPICIOUS_MOVE = YES;
				CLANG_WARN_UNGUARDED_AVAILABILITY = YES_AGGRESSIVE;
				CLANG_WARN_UNREACHABLE_CODE = YES;
				CLANG_WARN__DUPLICATE_METHOD_MATCH = YES;
				COPY_PHASE_STRIP = NO;
				DEBUG_INFORMATION_FORMAT = dwarf;
				ENABLE_STRICT_OBJC_MSGSEND = YES;
				ENABLE_TESTABILITY = YES;
				GCC_C_LANGUAGE_STANDARD = gnu11;
				GCC_DYNAMIC_NO_PIC = NO;
				GCC_NO_COMMON_BLOCKS = YES;
				GCC_OPTIMIZATION_LEVEL = 0;
				GCC_PREPROCESSOR_DEFINITIONS = (
					"DEBUG=1",
					"$(inherited)",
				);
				GCC_WARN_64_TO_32_BIT_CONVERSION = YES;
				GCC_WARN_ABOUT_RETURN_TYPE = YES_ERROR;
				GCC_WARN_UNDECLARED_SELECTOR = YES;
				GCC_WARN_UNINITIALIZED_AUTOS = YES_AGGRESSIVE;
				GCC_WARN_UNUSED_FUNCTION = YES;
				GCC_WARN_UNUSED_VARIABLE = YES;
				IPHONEOS_DEPLOYMENT_TARGET = 16.2;
				MTL_ENABLE_DEBUG_INFO = INCLUDE_SOURCE;
				MTL_FAST_MATH = YES;
				ONLY_ACTIVE_ARCH = YES;
				SDKROOT = iphoneos;
				SWIFT_ACTIVE_COMPILATION_CONDITIONS = DEBUG;
				SWIFT_OPTIMIZATION_LEVEL = "-Onone";
			};
			name = Debug;
		};
		68661D232998E550004F2AF1 /* Release */ = {
			isa = XCBuildConfiguration;
			buildSettings = {
				ALWAYS_SEARCH_USER_PATHS = NO;
				CLANG_ANALYZER_NONNULL = YES;
				CLANG_ANALYZER_NUMBER_OBJECT_CONVERSION = YES_AGGRESSIVE;
				CLANG_CXX_LANGUAGE_STANDARD = "gnu++20";
				CLANG_ENABLE_MODULES = YES;
				CLANG_ENABLE_OBJC_ARC = YES;
				CLANG_ENABLE_OBJC_WEAK = YES;
				CLANG_WARN_BLOCK_CAPTURE_AUTORELEASING = YES;
				CLANG_WARN_BOOL_CONVERSION = YES;
				CLANG_WARN_COMMA = YES;
				CLANG_WARN_CONSTANT_CONVERSION = YES;
				CLANG_WARN_DEPRECATED_OBJC_IMPLEMENTATIONS = YES;
				CLANG_WARN_DIRECT_OBJC_ISA_USAGE = YES_ERROR;
				CLANG_WARN_DOCUMENTATION_COMMENTS = YES;
				CLANG_WARN_EMPTY_BODY = YES;
				CLANG_WARN_ENUM_CONVERSION = YES;
				CLANG_WARN_INFINITE_RECURSION = YES;
				CLANG_WARN_INT_CONVERSION = YES;
				CLANG_WARN_NON_LITERAL_NULL_CONVERSION = YES;
				CLANG_WARN_OBJC_IMPLICIT_RETAIN_SELF = YES;
				CLANG_WARN_OBJC_LITERAL_CONVERSION = YES;
				CLANG_WARN_OBJC_ROOT_CLASS = YES_ERROR;
				CLANG_WARN_QUOTED_INCLUDE_IN_FRAMEWORK_HEADER = YES;
				CLANG_WARN_RANGE_LOOP_ANALYSIS = YES;
				CLANG_WARN_STRICT_PROTOTYPES = YES;
				CLANG_WARN_SUSPICIOUS_MOVE = YES;
				CLANG_WARN_UNGUARDED_AVAILABILITY = YES_AGGRESSIVE;
				CLANG_WARN_UNREACHABLE_CODE = YES;
				CLANG_WARN__DUPLICATE_METHOD_MATCH = YES;
				COPY_PHASE_STRIP = NO;
				DEBUG_INFORMATION_FORMAT = "dwarf-with-dsym";
				ENABLE_NS_ASSERTIONS = NO;
				ENABLE_STRICT_OBJC_MSGSEND = YES;
				GCC_C_LANGUAGE_STANDARD = gnu11;
				GCC_NO_COMMON_BLOCKS = YES;
				GCC_WARN_64_TO_32_BIT_CONVERSION = YES;
				GCC_WARN_ABOUT_RETURN_TYPE = YES_ERROR;
				GCC_WARN_UNDECLARED_SELECTOR = YES;
				GCC_WARN_UNINITIALIZED_AUTOS = YES_AGGRESSIVE;
				GCC_WARN_UNUSED_FUNCTION = YES;
				GCC_WARN_UNUSED_VARIABLE = YES;
				IPHONEOS_DEPLOYMENT_TARGET = 16.2;
				MTL_ENABLE_DEBUG_INFO = NO;
				MTL_FAST_MATH = YES;
				SDKROOT = iphoneos;
				SWIFT_COMPILATION_MODE = wholemodule;
				SWIFT_OPTIMIZATION_LEVEL = "-O";
				VALIDATE_PRODUCT = YES;
			};
			name = Release;
		};
		68661D252998E550004F2AF1 /* Debug */ = {
			isa = XCBuildConfiguration;
			buildSettings = {
				ASSETCATALOG_COMPILER_APPICON_NAME = AppIcon;
				ASSETCATALOG_COMPILER_GLOBAL_ACCENT_COLOR_NAME = AccentColor;
				CODE_SIGN_STYLE = Automatic;
				CURRENT_PROJECT_VERSION = 1;
				GENERATE_INFOPLIST_FILE = YES;
				INFOPLIST_FILE = "Netflix Clone/Info.plist";
				INFOPLIST_KEY_UIApplicationSupportsIndirectInputEvents = YES;
				INFOPLIST_KEY_UILaunchStoryboardName = LaunchScreen;
				INFOPLIST_KEY_UISupportedInterfaceOrientations_iPad = "UIInterfaceOrientationPortrait UIInterfaceOrientationPortraitUpsideDown UIInterfaceOrientationLandscapeLeft UIInterfaceOrientationLandscapeRight";
				INFOPLIST_KEY_UISupportedInterfaceOrientations_iPhone = "UIInterfaceOrientationPortrait UIInterfaceOrientationLandscapeLeft UIInterfaceOrientationLandscapeRight";
				LD_RUNPATH_SEARCH_PATHS = (
					"$(inherited)",
					"@executable_path/Frameworks",
				);
				MARKETING_VERSION = 1.0;
				PRODUCT_BUNDLE_IDENTIFIER = "com.sstonn.Netflix-Clone";
				PRODUCT_NAME = "$(TARGET_NAME)";
				SWIFT_EMIT_LOC_STRINGS = YES;
				SWIFT_VERSION = 5.0;
				TARGETED_DEVICE_FAMILY = "1,2";
			};
			name = Debug;
		};
		68661D262998E550004F2AF1 /* Release */ = {
			isa = XCBuildConfiguration;
			buildSettings = {
				ASSETCATALOG_COMPILER_APPICON_NAME = AppIcon;
				ASSETCATALOG_COMPILER_GLOBAL_ACCENT_COLOR_NAME = AccentColor;
				CODE_SIGN_STYLE = Automatic;
				CURRENT_PROJECT_VERSION = 1;
				GENERATE_INFOPLIST_FILE = YES;
				INFOPLIST_FILE = "Netflix Clone/Info.plist";
				INFOPLIST_KEY_UIApplicationSupportsIndirectInputEvents = YES;
				INFOPLIST_KEY_UILaunchStoryboardName = LaunchScreen;
				INFOPLIST_KEY_UISupportedInterfaceOrientations_iPad = "UIInterfaceOrientationPortrait UIInterfaceOrientationPortraitUpsideDown UIInterfaceOrientationLandscapeLeft UIInterfaceOrientationLandscapeRight";
				INFOPLIST_KEY_UISupportedInterfaceOrientations_iPhone = "UIInterfaceOrientationPortrait UIInterfaceOrientationLandscapeLeft UIInterfaceOrientationLandscapeRight";
				LD_RUNPATH_SEARCH_PATHS = (
					"$(inherited)",
					"@executable_path/Frameworks",
				);
				MARKETING_VERSION = 1.0;
				PRODUCT_BUNDLE_IDENTIFIER = "com.sstonn.Netflix-Clone";
				PRODUCT_NAME = "$(TARGET_NAME)";
				SWIFT_EMIT_LOC_STRINGS = YES;
				SWIFT_VERSION = 5.0;
				TARGETED_DEVICE_FAMILY = "1,2";
			};
			name = Release;
		};
/* End XCBuildConfiguration section */

/* Begin XCConfigurationList section */
		68661D0B2998E54E004F2AF1 /* Build configuration list for PBXProject "Netflix Clone" */ = {
			isa = XCConfigurationList;
			buildConfigurations = (
				68661D222998E550004F2AF1 /* Debug */,
				68661D232998E550004F2AF1 /* Release */,
			);
			defaultConfigurationIsVisible = 0;
			defaultConfigurationName = Release;
		};
		68661D242998E550004F2AF1 /* Build configuration list for PBXNativeTarget "Netflix Clone" */ = {
			isa = XCConfigurationList;
			buildConfigurations = (
				68661D252998E550004F2AF1 /* Debug */,
				68661D262998E550004F2AF1 /* Release */,
			);
			defaultConfigurationIsVisible = 0;
			defaultConfigurationName = Release;
		};
/* End XCConfigurationList section */

/* Begin XCRemoteSwiftPackageReference section */
		68A9528829A251A90016DEFF /* XCRemoteSwiftPackageReference "SDWebImage" */ = {
			isa = XCRemoteSwiftPackageReference;
			repositoryURL = "https://github.com/SDWebImage/SDWebImage.git";
			requirement = {
				kind = upToNextMajorVersion;
				minimumVersion = 5.0.0;
			};
		};
/* End XCRemoteSwiftPackageReference section */

/* Begin XCSwiftPackageProductDependency section */
		68A9528929A251A90016DEFF /* SDWebImage */ = {
			isa = XCSwiftPackageProductDependency;
			package = 68A9528829A251A90016DEFF /* XCRemoteSwiftPackageReference "SDWebImage" */;
			productName = SDWebImage;
		};
		68A9528B29A251A90016DEFF /* SDWebImageMapKit */ = {
			isa = XCSwiftPackageProductDependency;
			package = 68A9528829A251A90016DEFF /* XCRemoteSwiftPackageReference "SDWebImage" */;
			productName = SDWebImageMapKit;
		};
/* End XCSwiftPackageProductDependency section */
	};
	rootObject = 68661D082998E54E004F2AF1 /* Project object */;
}
